// !$*UTF8*$!
{
	archiveVersion = 1;
	classes = {
	};
	objectVersion = 50;
	objects = {

/* Begin PBXBuildFile section */
		09E85C1329BA932300816551 /* SetApp.swift in Sources */ = {isa = PBXBuildFile; fileRef = 09E85C1229BA932300816551 /* SetApp.swift */; };
		09E85C1529BA932300816551 /* ContentView.swift in Sources */ = {isa = PBXBuildFile; fileRef = 09E85C1429BA932300816551 /* ContentView.swift */; };
		09E85C1729BA932300816551 /* Assets.xcassets in Resources */ = {isa = PBXBuildFile; fileRef = 09E85C1629BA932300816551 /* Assets.xcassets */; };
		09E85C1A29BA932300816551 /* Preview Assets.xcassets in Resources */ = {isa = PBXBuildFile; fileRef = 09E85C1929BA932300816551 /* Preview Assets.xcassets */; };
		09E85C2529BA932300816551 /* SetTests.swift in Sources */ = {isa = PBXBuildFile; fileRef = 09E85C2429BA932300816551 /* SetTests.swift */; };
		09E85C3029BA932300816551 /* SetUITests.swift in Sources */ = {isa = PBXBuildFile; fileRef = 09E85C2F29BA932300816551 /* SetUITests.swift */; };
		09E85C4129BA934B00816551 /* SetCard.swift in Sources */ = {isa = PBXBuildFile; fileRef = 09E85C4029BA934B00816551 /* SetCard.swift */; };
		09E85C4629BA937A00816551 /* SetCardDeck.swift in Sources */ = {isa = PBXBuildFile; fileRef = 09E85C4529BA937A00816551 /* SetCardDeck.swift */; };
		09E85C4B29BA93AB00816551 /* SetGame.swift in Sources */ = {isa = PBXBuildFile; fileRef = 09E85C4A29BA93AB00816551 /* SetGame.swift */; };
/* End PBXBuildFile section */

/* Begin PBXContainerItemProxy section */
		09E85C2129BA932300816551 /* PBXContainerItemProxy */ = {
			isa = PBXContainerItemProxy;
			containerPortal = 09E85C0729BA932200816551 /* Project object */;
			proxyType = 1;
			remoteGlobalIDString = 09E85C0E29BA932300816551;
			remoteInfo = Set;
		};
		09E85C2C29BA932300816551 /* PBXContainerItemProxy */ = {
			isa = PBXContainerItemProxy;
			containerPortal = 09E85C0729BA932200816551 /* Project object */;
			proxyType = 1;
			remoteGlobalIDString = 09E85C0E29BA932300816551;
			remoteInfo = Set;
		};
/* End PBXContainerItemProxy section */

/* Begin PBXFileReference section */
		09E85C0F29BA932300816551 /* Set.app */ = {isa = PBXFileReference; explicitFileType = wrapper.application; includeInIndex = 0; path = Set.app; sourceTree = BUILT_PRODUCTS_DIR; };
		09E85C1229BA932300816551 /* SetApp.swift */ = {isa = PBXFileReference; lastKnownFileType = sourcecode.swift; path = SetApp.swift; sourceTree = "<group>"; };
		09E85C1429BA932300816551 /* ContentView.swift */ = {isa = PBXFileReference; lastKnownFileType = sourcecode.swift; path = ContentView.swift; sourceTree = "<group>"; };
		09E85C1629BA932300816551 /* Assets.xcassets */ = {isa = PBXFileReference; lastKnownFileType = folder.assetcatalog; path = Assets.xcassets; sourceTree = "<group>"; };
		09E85C1929BA932300816551 /* Preview Assets.xcassets */ = {isa = PBXFileReference; lastKnownFileType = folder.assetcatalog; path = "Preview Assets.xcassets"; sourceTree = "<group>"; };
		09E85C1B29BA932300816551 /* Info.plist */ = {isa = PBXFileReference; lastKnownFileType = text.plist.xml; path = Info.plist; sourceTree = "<group>"; };
		09E85C2029BA932300816551 /* SetTests.xctest */ = {isa = PBXFileReference; explicitFileType = wrapper.cfbundle; includeInIndex = 0; path = SetTests.xctest; sourceTree = BUILT_PRODUCTS_DIR; };
		09E85C2429BA932300816551 /* SetTests.swift */ = {isa = PBXFileReference; lastKnownFileType = sourcecode.swift; path = SetTests.swift; sourceTree = "<group>"; };
		09E85C2629BA932300816551 /* Info.plist */ = {isa = PBXFileReference; lastKnownFileType = text.plist.xml; path = Info.plist; sourceTree = "<group>"; };
		09E85C2B29BA932300816551 /* SetUITests.xctest */ = {isa = PBXFileReference; explicitFileType = wrapper.cfbundle; includeInIndex = 0; path = SetUITests.xctest; sourceTree = BUILT_PRODUCTS_DIR; };
		09E85C2F29BA932300816551 /* SetUITests.swift */ = {isa = PBXFileReference; lastKnownFileType = sourcecode.swift; path = SetUITests.swift; sourceTree = "<group>"; };
		09E85C3129BA932300816551 /* Info.plist */ = {isa = PBXFileReference; lastKnownFileType = text.plist.xml; path = Info.plist; sourceTree = "<group>"; };
		09E85C4029BA934B00816551 /* SetCard.swift */ = {isa = PBXFileReference; lastKnownFileType = sourcecode.swift; path = SetCard.swift; sourceTree = "<group>"; };
		09E85C4529BA937A00816551 /* SetCardDeck.swift */ = {isa = PBXFileReference; lastKnownFileType = sourcecode.swift; path = SetCardDeck.swift; sourceTree = "<group>"; };
		09E85C4A29BA93AB00816551 /* SetGame.swift */ = {isa = PBXFileReference; lastKnownFileType = sourcecode.swift; path = SetGame.swift; sourceTree = "<group>"; };
/* End PBXFileReference section */

/* Begin PBXFrameworksBuildPhase section */
		09E85C0C29BA932300816551 /* Frameworks */ = {
			isa = PBXFrameworksBuildPhase;
			buildActionMask = 2147483647;
			files = (
			);
			runOnlyForDeploymentPostprocessing = 0;
		};
		09E85C1D29BA932300816551 /* Frameworks */ = {
			isa = PBXFrameworksBuildPhase;
			buildActionMask = 2147483647;
			files = (
			);
			runOnlyForDeploymentPostprocessing = 0;
		};
		09E85C2829BA932300816551 /* Frameworks */ = {
			isa = PBXFrameworksBuildPhase;
			buildActionMask = 2147483647;
			files = (
			);
			runOnlyForDeploymentPostprocessing = 0;
		};
/* End PBXFrameworksBuildPhase section */

/* Begin PBXGroup section */
		09E85C0629BA932200816551 = {
			isa = PBXGroup;
			children = (
				09E85C1129BA932300816551 /* Set */,
				09E85C2329BA932300816551 /* SetTests */,
				09E85C2E29BA932300816551 /* SetUITests */,
				09E85C1029BA932300816551 /* Products */,
			);
			sourceTree = "<group>";
		};
		09E85C1029BA932300816551 /* Products */ = {
			isa = PBXGroup;
			children = (
				09E85C0F29BA932300816551 /* Set.app */,
				09E85C2029BA932300816551 /* SetTests.xctest */,
				09E85C2B29BA932300816551 /* SetUITests.xctest */,
			);
			name = Products;
			sourceTree = "<group>";
		};
		09E85C1129BA932300816551 /* Set */ = {
			isa = PBXGroup;
			children = (
				09E85C1229BA932300816551 /* SetApp.swift */,
				09E85C1429BA932300816551 /* ContentView.swift */,
				09E85C4029BA934B00816551 /* SetCard.swift */,
				09E85C4529BA937A00816551 /* SetCardDeck.swift */,
				09E85C4A29BA93AB00816551 /* SetGame.swift */,
				09E85C1629BA932300816551 /* Assets.xcassets */,
				09E85C1B29BA932300816551 /* Info.plist */,
				09E85C1829BA932300816551 /* Preview Content */,
			);
			path = Set;
			sourceTree = "<group>";
		};
		09E85C1829BA932300816551 /* Preview Content */ = {
			isa = PBXGroup;
			children = (
				09E85C1929BA932300816551 /* Preview Assets.xcassets */,
			);
			path = "Preview Content";
			sourceTree = "<group>";
		};
		09E85C2329BA932300816551 /* SetTests */ = {
			isa = PBXGroup;
			children = (
				09E85C2429BA932300816551 /* SetTests.swift */,
				09E85C2629BA932300816551 /* Info.plist */,
			);
			path = SetTests;
			sourceTree = "<group>";
		};
		09E85C2E29BA932300816551 /* SetUITests */ = {
			isa = PBXGroup;
			children = (
				09E85C2F29BA932300816551 /* SetUITests.swift */,
				09E85C3129BA932300816551 /* Info.plist */,
			);
			path = SetUITests;
			sourceTree = "<group>";
		};
/* End PBXGroup section */

/* Begin PBXNativeTarget section */
		09E85C0E29BA932300816551 /* Set */ = {
			isa = PBXNativeTarget;
			buildConfigurationList = 09E85C3429BA932300816551 /* Build configuration list for PBXNativeTarget "Set" */;
			buildPhases = (
				09E85C0B29BA932300816551 /* Sources */,
				09E85C0C29BA932300816551 /* Frameworks */,
				09E85C0D29BA932300816551 /* Resources */,
			);
			buildRules = (
			);
			dependencies = (
			);
			name = Set;
			productName = Set;
			productReference = 09E85C0F29BA932300816551 /* Set.app */;
			productType = "com.apple.product-type.application";
		};
		09E85C1F29BA932300816551 /* SetTests */ = {
			isa = PBXNativeTarget;
			buildConfigurationList = 09E85C3729BA932300816551 /* Build configuration list for PBXNativeTarget "SetTests" */;
			buildPhases = (
				09E85C1C29BA932300816551 /* Sources */,
				09E85C1D29BA932300816551 /* Frameworks */,
				09E85C1E29BA932300816551 /* Resources */,
			);
			buildRules = (
			);
			dependencies = (
				09E85C2229BA932300816551 /* PBXTargetDependency */,
			);
			name = SetTests;
			productName = SetTests;
			productReference = 09E85C2029BA932300816551 /* SetTests.xctest */;
			productType = "com.apple.product-type.bundle.unit-test";
		};
		09E85C2A29BA932300816551 /* SetUITests */ = {
			isa = PBXNativeTarget;
			buildConfigurationList = 09E85C3A29BA932300816551 /* Build configuration list for PBXNativeTarget "SetUITests" */;
			buildPhases = (
				09E85C2729BA932300816551 /* Sources */,
				09E85C2829BA932300816551 /* Frameworks */,
				09E85C2929BA932300816551 /* Resources */,
			);
			buildRules = (
			);
			dependencies = (
				09E85C2D29BA932300816551 /* PBXTargetDependency */,
			);
			name = SetUITests;
			productName = SetUITests;
			productReference = 09E85C2B29BA932300816551 /* SetUITests.xctest */;
			productType = "com.apple.product-type.bundle.ui-testing";
		};
/* End PBXNativeTarget section */

/* Begin PBXProject section */
		09E85C0729BA932200816551 /* Project object */ = {
			isa = PBXProject;
			attributes = {
				LastSwiftUpdateCheck = 1240;
				LastUpgradeCheck = 1240;
				TargetAttributes = {
					09E85C0E29BA932300816551 = {
						CreatedOnToolsVersion = 12.4;
					};
					09E85C1F29BA932300816551 = {
						CreatedOnToolsVersion = 12.4;
						TestTargetID = 09E85C0E29BA932300816551;
					};
					09E85C2A29BA932300816551 = {
						CreatedOnToolsVersion = 12.4;
						TestTargetID = 09E85C0E29BA932300816551;
					};
				};
			};
			buildConfigurationList = 09E85C0A29BA932200816551 /* Build configuration list for PBXProject "Set" */;
			compatibilityVersion = "Xcode 9.3";
			developmentRegion = en;
			hasScannedForEncodings = 0;
			knownRegions = (
				en,
				Base,
			);
			mainGroup = 09E85C0629BA932200816551;
			productRefGroup = 09E85C1029BA932300816551 /* Products */;
			projectDirPath = "";
			projectRoot = "";
			targets = (
				09E85C0E29BA932300816551 /* Set */,
				09E85C1F29BA932300816551 /* SetTests */,
				09E85C2A29BA932300816551 /* SetUITests */,
			);
		};
/* End PBXProject section */

/* Begin PBXResourcesBuildPhase section */
		09E85C0D29BA932300816551 /* Resources */ = {
			isa = PBXResourcesBuildPhase;
			buildActionMask = 2147483647;
			files = (
				09E85C1A29BA932300816551 /* Preview Assets.xcassets in Resources */,
				09E85C1729BA932300816551 /* Assets.xcassets in Resources */,
			);
			runOnlyForDeploymentPostprocessing = 0;
		};
		09E85C1E29BA932300816551 /* Resources */ = {
			isa = PBXResourcesBuildPhase;
			buildActionMask = 2147483647;
			files = (
			);
			runOnlyForDeploymentPostprocessing = 0;
		};
		09E85C2929BA932300816551 /* Resources */ = {
			isa = PBXResourcesBuildPhase;
			buildActionMask = 2147483647;
			files = (
			);
			runOnlyForDeploymentPostprocessing = 0;
		};
/* End PBXResourcesBuildPhase section */

/* Begin PBXSourcesBuildPhase section */
		09E85C0B29BA932300816551 /* Sources */ = {
			isa = PBXSourcesBuildPhase;
			buildActionMask = 2147483647;
			files = (
				09E85C4129BA934B00816551 /* SetCard.swift in Sources */,
				09E85C4629BA937A00816551 /* SetCardDeck.swift in Sources */,
				09E85C4B29BA93AB00816551 /* SetGame.swift in Sources */,
				09E85C1529BA932300816551 /* ContentView.swift in Sources */,
				09E85C1329BA932300816551 /* SetApp.swift in Sources */,
			);
			runOnlyForDeploymentPostprocessing = 0;
		};
		09E85C1C29BA932300816551 /* Sources */ = {
			isa = PBXSourcesBuildPhase;
			buildActionMask = 2147483647;
			files = (
				09E85C2529BA932300816551 /* SetTests.swift in Sources */,
			);
			runOnlyForDeploymentPostprocessing = 0;
		};
		09E85C2729BA932300816551 /* Sources */ = {
			isa = PBXSourcesBuildPhase;
			buildActionMask = 2147483647;
			files = (
				09E85C3029BA932300816551 /* SetUITests.swift in Sources */,
			);
			runOnlyForDeploymentPostprocessing = 0;
		};
/* End PBXSourcesBuildPhase section */

/* Begin PBXTargetDependency section */
		09E85C2229BA932300816551 /* PBXTargetDependency */ = {
			isa = PBXTargetDependency;
			target = 09E85C0E29BA932300816551 /* Set */;
			targetProxy = 09E85C2129BA932300816551 /* PBXContainerItemProxy */;
		};
		09E85C2D29BA932300816551 /* PBXTargetDependency */ = {
			isa = PBXTargetDependency;
			target = 09E85C0E29BA932300816551 /* Set */;
			targetProxy = 09E85C2C29BA932300816551 /* PBXContainerItemProxy */;
		};
/* End PBXTargetDependency section */

/* Begin XCBuildConfiguration section */
		09E85C3229BA932300816551 /* Debug */ = {
			isa = XCBuildConfiguration;
			buildSettings = {
				ALWAYS_SEARCH_USER_PATHS = NO;
				CLANG_ANALYZER_NONNULL = YES;
				CLANG_ANALYZER_NUMBER_OBJECT_CONVERSION = YES_AGGRESSIVE;
				CLANG_CXX_LANGUAGE_STANDARD = "gnu++14";
				CLANG_CXX_LIBRARY = "libc++";
				CLANG_ENABLE_MODULES = YES;
				CLANG_ENABLE_OBJC_ARC = YES;
				CLANG_ENABLE_OBJC_WEAK = YES;
				CLANG_WARN_BLOCK_CAPTURE_AUTORELEASING = YES;
				CLANG_WARN_BOOL_CONVERSION = YES;
				CLANG_WARN_COMMA = YES;
				CLANG_WARN_CONSTANT_CONVERSION = YES;
				CLANG_WARN_DEPRECATED_OBJC_IMPLEMENTATIONS = YES;
				CLANG_WARN_DIRECT_OBJC_ISA_USAGE = YES_ERROR;
				CLANG_WARN_DOCUMENTATION_COMMENTS = YES;
				CLANG_WARN_EMPTY_BODY = YES;
				CLANG_WARN_ENUM_CONVERSION = YES;
				CLANG_WARN_INFINITE_RECURSION = YES;
				CLANG_WARN_INT_CONVERSION = YES;
				CLANG_WARN_NON_LITERAL_NULL_CONVERSION = YES;
				CLANG_WARN_OBJC_IMPLICIT_RETAIN_SELF = YES;
				CLANG_WARN_OBJC_LITERAL_CONVERSION = YES;
				CLANG_WARN_OBJC_ROOT_CLASS = YES_ERROR;
				CLANG_WARN_QUOTED_INCLUDE_IN_FRAMEWORK_HEADER = YES;
				CLANG_WARN_RANGE_LOOP_ANALYSIS = YES;
				CLANG_WARN_STRICT_PROTOTYPES = YES;
				CLANG_WARN_SUSPICIOUS_MOVE = YES;
				CLANG_WARN_UNGUARDED_AVAILABILITY = YES_AGGRESSIVE;
				CLANG_WARN_UNREACHABLE_CODE = YES;
				CLANG_WARN__DUPLICATE_METHOD_MATCH = YES;
				COPY_PHASE_STRIP = NO;
				DEBUG_INFORMATION_FORMAT = dwarf;
				ENABLE_STRICT_OBJC_MSGSEND = YES;
				ENABLE_TESTABILITY = YES;
				GCC_C_LANGUAGE_STANDARD = gnu11;
				GCC_DYNAMIC_NO_PIC = NO;
				GCC_NO_COMMON_BLOCKS = YES;
				GCC_OPTIMIZATION_LEVEL = 0;
				GCC_PREPROCESSOR_DEFINITIONS = (
					"DEBUG=1",
					"$(inherited)",
				);
				GCC_WARN_64_TO_32_BIT_CONVERSION = YES;
				GCC_WARN_ABOUT_RETURN_TYPE = YES_ERROR;
				GCC_WARN_UNDECLARED_SELECTOR = YES;
				GCC_WARN_UNINITIALIZED_AUTOS = YES_AGGRESSIVE;
				GCC_WARN_UNUSED_FUNCTION = YES;
				GCC_WARN_UNUSED_VARIABLE = YES;
				IPHONEOS_DEPLOYMENT_TARGET = 14.4;
				MTL_ENABLE_DEBUG_INFO = INCLUDE_SOURCE;
				MTL_FAST_MATH = YES;
				ONLY_ACTIVE_ARCH = YES;
				SDKROOT = iphoneos;
				SWIFT_ACTIVE_COMPILATION_CONDITIONS = DEBUG;
				SWIFT_OPTIMIZATION_LEVEL = "-Onone";
			};
			name = Debug;
		};
		09E85C3329BA932300816551 /* Release */ = {
			isa = XCBuildConfiguration;
			buildSettings = {
				ALWAYS_SEARCH_USER_PATHS = NO;
				CLANG_ANALYZER_NONNULL = YES;
				CLANG_ANALYZER_NUMBER_OBJECT_CONVERSION = YES_AGGRESSIVE;
				CLANG_CXX_LANGUAGE_STANDARD = "gnu++14";
				CLANG_CXX_LIBRARY = "libc++";
				CLANG_ENABLE_MODULES = YES;
				CLANG_ENABLE_OBJC_ARC = YES;
				CLANG_ENABLE_OBJC_WEAK = YES;
				CLANG_WARN_BLOCK_CAPTURE_AUTORELEASING = YES;
				CLANG_WARN_BOOL_CONVERSION = YES;
				CLANG_WARN_COMMA = YES;
				CLANG_WARN_CONSTANT_CONVERSION = YES;
				CLANG_WARN_DEPRECATED_OBJC_IMPLEMENTATIONS = YES;
				CLANG_WARN_DIRECT_OBJC_ISA_USAGE = YES_ERROR;
				CLANG_WARN_DOCUMENTATION_COMMENTS = YES;
				CLANG_WARN_EMPTY_BODY = YES;
				CLANG_WARN_ENUM_CONVERSION = YES;
				CLANG_WARN_INFINITE_RECURSION = YES;
				CLANG_WARN_INT_CONVERSION = YES;
				CLANG_WARN_NON_LITERAL_NULL_CONVERSION = YES;
				CLANG_WARN_OBJC_IMPLICIT_RETAIN_SELF = YES;
				CLANG_WARN_OBJC_LITERAL_CONVERSION = YES;
				CLANG_WARN_OBJC_ROOT_CLASS = YES_ERROR;
				CLANG_WARN_QUOTED_INCLUDE_IN_FRAMEWORK_HEADER = YES;
				CLANG_WARN_RANGE_LOOP_ANALYSIS = YES;
				CLANG_WARN_STRICT_PROTOTYPES = YES;
				CLANG_WARN_SUSPICIOUS_MOVE = YES;
				CLANG_WARN_UNGUARDED_AVAILABILITY = YES_AGGRESSIVE;
				CLANG_WARN_UNREACHABLE_CODE = YES;
				CLANG_WARN__DUPLICATE_METHOD_MATCH = YES;
				COPY_PHASE_STRIP = NO;
				DEBUG_INFORMATION_FORMAT = "dwarf-with-dsym";
				ENABLE_NS_ASSERTIONS = NO;
				ENABLE_STRICT_OBJC_MSGSEND = YES;
				GCC_C_LANGUAGE_STANDARD = gnu11;
				GCC_NO_COMMON_BLOCKS = YES;
				GCC_WARN_64_TO_32_BIT_CONVERSION = YES;
				GCC_WARN_ABOUT_RETURN_TYPE = YES_ERROR;
				GCC_WARN_UNDECLARED_SELECTOR = YES;
				GCC_WARN_UNINITIALIZED_AUTOS = YES_AGGRESSIVE;
				GCC_WARN_UNUSED_FUNCTION = YES;
				GCC_WARN_UNUSED_VARIABLE = YES;
				IPHONEOS_DEPLOYMENT_TARGET = 14.4;
				MTL_ENABLE_DEBUG_INFO = NO;
				MTL_FAST_MATH = YES;
				SDKROOT = iphoneos;
				SWIFT_COMPILATION_MODE = wholemodule;
				SWIFT_OPTIMIZATION_LEVEL = "-O";
				VALIDATE_PRODUCT = YES;
			};
			name = Release;
		};
		09E85C3529BA932300816551 /* Debug */ = {
			isa = XCBuildConfiguration;
			buildSettings = {
				ASSETCATALOG_COMPILER_APPICON_NAME = AppIcon;
				ASSETCATALOG_COMPILER_GLOBAL_ACCENT_COLOR_NAME = AccentColor;
				CODE_SIGN_STYLE = Automatic;
				DEVELOPMENT_ASSET_PATHS = "\"Set/Preview Content\"";
				ENABLE_PREVIEWS = YES;
				INFOPLIST_FILE = Set/Info.plist;
				IPHONEOS_DEPLOYMENT_TARGET = 14.0;
				LD_RUNPATH_SEARCH_PATHS = (
					"$(inherited)",
					"@executable_path/Frameworks",
				);
				PRODUCT_BUNDLE_IDENTIFIER = "cmp430-lehman.Set";
				PRODUCT_NAME = "$(TARGET_NAME)";
				SWIFT_VERSION = 5.0;
				TARGETED_DEVICE_FAMILY = "1,2";
			};
			name = Debug;
		};
		09E85C3629BA932300816551 /* Release */ = {
			isa = XCBuildConfiguration;
			buildSettings = {
				ASSETCATALOG_COMPILER_APPICON_NAME = AppIcon;
				ASSETCATALOG_COMPILER_GLOBAL_ACCENT_COLOR_NAME = AccentColor;
				CODE_SIGN_STYLE = Automatic;
				DEVELOPMENT_ASSET_PATHS = "\"Set/Preview Content\"";
				ENABLE_PREVIEWS = YES;
				INFOPLIST_FILE = Set/Info.plist;
				IPHONEOS_DEPLOYMENT_TARGET = 14.0;
				LD_RUNPATH_SEARCH_PATHS = (
					"$(inherited)",
					"@executable_path/Frameworks",
				);
				PRODUCT_BUNDLE_IDENTIFIER = "cmp430-lehman.Set";
				PRODUCT_NAME = "$(TARGET_NAME)";
				SWIFT_VERSION = 5.0;
				TARGETED_DEVICE_FAMILY = "1,2";
			};
			name = Release;
		};
		09E85C3829BA932300816551 /* Debug */ = {
			isa = XCBuildConfiguration;
			buildSettings = {
				ALWAYS_EMBED_SWIFT_STANDARD_LIBRARIES = YES;
				BUNDLE_LOADER = "$(TEST_HOST)";
				CODE_SIGN_STYLE = Automatic;
				INFOPLIST_FILE = SetTests/Info.plist;
				IPHONEOS_DEPLOYMENT_TARGET = 14.0;
				LD_RUNPATH_SEARCH_PATHS = (
					"$(inherited)",
					"@executable_path/Frameworks",
					"@loader_path/Frameworks",
				);
				PRODUCT_BUNDLE_IDENTIFIER = "cmp430-lehman.SetTests";
				PRODUCT_NAME = "$(TARGET_NAME)";
				SWIFT_VERSION = 5.0;
				TARGETED_DEVICE_FAMILY = "1,2";
				TEST_HOST = "$(BUILT_PRODUCTS_DIR)/Set.app/Set";
			};
			name = Debug;
		};
		09E85C3929BA932300816551 /* Release */ = {
			isa = XCBuildConfiguration;
			buildSettings = {
				ALWAYS_EMBED_SWIFT_STANDARD_LIBRARIES = YES;
				BUNDLE_LOADER = "$(TEST_HOST)";
				CODE_SIGN_STYLE = Automatic;
				INFOPLIST_FILE = SetTests/Info.plist;
				IPHONEOS_DEPLOYMENT_TARGET = 14.0;
				LD_RUNPATH_SEARCH_PATHS = (
					"$(inherited)",
					"@executable_path/Frameworks",
					"@loader_path/Frameworks",
				);
				PRODUCT_BUNDLE_IDENTIFIER = "cmp430-lehman.SetTests";
				PRODUCT_NAME = "$(TARGET_NAME)";
				SWIFT_VERSION = 5.0;
				TARGETED_DEVICE_FAMILY = "1,2";
				TEST_HOST = "$(BUILT_PRODUCTS_DIR)/Set.app/Set";
			};
			name = Release;
		};
		09E85C3B29BA932300816551 /* Debug */ = {
			isa = XCBuildConfiguration;
			buildSettings = {
				ALWAYS_EMBED_SWIFT_STANDARD_LIBRARIES = YES;
				CODE_SIGN_STYLE = Automatic;
				INFOPLIST_FILE = SetUITests/Info.plist;
				LD_RUNPATH_SEARCH_PATHS = (
					"$(inherited)",
					"@executable_path/Frameworks",
					"@loader_path/Frameworks",
				);
				PRODUCT_BUNDLE_IDENTIFIER = "cmp430-lehman.SetUITests";
				PRODUCT_NAME = "$(TARGET_NAME)";
				SWIFT_VERSION = 5.0;
				TARGETED_DEVICE_FAMILY = "1,2";
				TEST_TARGET_NAME = Set;
			};
			name = Debug;
		};
		09E85C3C29BA932300816551 /* Release */ = {
			isa = XCBuildConfiguration;
			buildSettings = {
				ALWAYS_EMBED_SWIFT_STANDARD_LIBRARIES = YES;
				CODE_SIGN_STYLE = Automatic;
				INFOPLIST_FILE = SetUITests/Info.plist;
				LD_RUNPATH_SEARCH_PATHS = (
					"$(inherited)",
					"@executable_path/Frameworks",
					"@loader_path/Frameworks",
				);
				PRODUCT_BUNDLE_IDENTIFIER = "cmp430-lehman.SetUITests";
				PRODUCT_NAME = "$(TARGET_NAME)";
				SWIFT_VERSION = 5.0;
				TARGETED_DEVICE_FAMILY = "1,2";
				TEST_TARGET_NAME = Set;
			};
			name = Release;
		};
/* End XCBuildConfiguration section */

/* Begin XCConfigurationList section */
		09E85C0A29BA932200816551 /* Build configuration list for PBXProject "Set" */ = {
			isa = XCConfigurationList;
			buildConfigurations = (
				09E85C3229BA932300816551 /* Debug */,
				09E85C3329BA932300816551 /* Release */,
			);
			defaultConfigurationIsVisible = 0;
			defaultConfigurationName = Release;
		};
		09E85C3429BA932300816551 /* Build configuration list for PBXNativeTarget "Set" */ = {
			isa = XCConfigurationList;
			buildConfigurations = (
				09E85C3529BA932300816551 /* Debug */,
				09E85C3629BA932300816551 /* Release */,
			);
			defaultConfigurationIsVisible = 0;
			defaultConfigurationName = Release;
		};
		09E85C3729BA932300816551 /* Build configuration list for PBXNativeTarget "SetTests" */ = {
			isa = XCConfigurationList;
			buildConfigurations = (
				09E85C3829BA932300816551 /* Debug */,
				09E85C3929BA932300816551 /* Release */,
			);
			defaultConfigurationIsVisible = 0;
			defaultConfigurationName = Release;
		};
		09E85C3A29BA932300816551 /* Build configuration list for PBXNativeTarget "SetUITests" */ = {
			isa = XCConfigurationList;
			buildConfigurations = (
				09E85C3B29BA932300816551 /* Debug */,
				09E85C3C29BA932300816551 /* Release */,
			);
			defaultConfigurationIsVisible = 0;
			defaultConfigurationName = Release;
		};
/* End XCConfigurationList section */
	};
	rootObject = 09E85C0729BA932200816551 /* Project object */;
}
